
Microsoft Visual Studio Solution File, Format Version 12.00
# Visual Studio Version 17
VisualStudioVersion = 17.7.34018.315
MinimumVisualStudioVersion = 10.0.40219.1
Project("{9A19103F-16F7-4668-BE54-9A1E7A4F7556}") = "TodoList.Api", "TodoList.Api\TodoList.Api.csproj", "{42E259B4-7CCE-40D1-987B-D984185A8F82}"
EndProject
Project("{9A19103F-16F7-4668-BE54-9A1E7A4F7556}") = "TodoListBlazorWasm", "TodoListBlazorWasm\TodoListBlazorWasm.csproj", "{60675EA9-92EF-453F-8F91-62F2C946622E}"
EndProject
Project("{9A19103F-16F7-4668-BE54-9A1E7A4F7556}") = "TodoList.Models", "TodoList.Models\TodoList.Models.csproj", "{71E08351-D554-422A-9F95-E0E095BA097D}"
EndProject
Global
	GlobalSection(SolutionConfigurationPlatforms) = preSolution
		Debug|Any CPU = Debug|Any CPU
		Release|Any CPU = Release|Any CPU
	EndGlobalSection
	GlobalSection(ProjectConfigurationPlatforms) = postSolution
		{42E259B4-7CCE-40D1-987B-D984185A8F82}.Debug|Any CPU.ActiveCfg = Debug|Any CPU
		{42E259B4-7CCE-40D1-987B-D984185A8F82}.Debug|Any CPU.Build.0 = Debug|Any CPU
		{42E259B4-7CCE-40D1-987B-D984185A8F82}.Release|Any CPU.ActiveCfg = Release|Any CPU
		{42E259B4-7CCE-40D1-987B-D984185A8F82}.Release|Any CPU.Build.0 = Release|Any CPU
		{60675EA9-92EF-453F-8F91-62F2C946622E}.Debug|Any CPU.ActiveCfg = Debug|Any CPU
		{60675EA9-92EF-453F-8F91-62F2C946622E}.Debug|Any CPU.Build.0 = Debug|Any CPU
		{60675EA9-92EF-453F-8F91-62F2C946622E}.Release|Any CPU.ActiveCfg = Release|Any CPU
		{60675EA9-92EF-453F-8F91-62F2C946622E}.Release|Any CPU.Build.0 = Release|Any CPU
		{71E08351-D554-422A-9F95-E0E095BA097D}.Debug|Any CPU.ActiveCfg = Debug|Any CPU
		{71E08351-D554-422A-9F95-E0E095BA097D}.Debug|Any CPU.Build.0 = Debug|Any CPU
		{71E08351-D554-422A-9F95-E0E095BA097D}.Release|Any CPU.ActiveCfg = Release|Any CPU
		{71E08351-D554-422A-9F95-E0E095BA097D}.Release|Any CPU.Build.0 = Release|Any CPU
	EndGlobalSection
	GlobalSection(SolutionProperties) = preSolution
		HideSolutionNode = FALSE
	EndGlobalSection
	GlobalSection(ExtensibilityGlobals) = postSolution
		SolutionGuid = {704C6289-47B0-4E72-B186-644FC016CE48}
	EndGlobalSection
EndGlobal
